
Microsoft Visual Studio Solution File, Format Version 12.00
# Visual Studio 15
Project("{FAE04EC0-301F-11D3-BF4B-00C04F79EFBC}") = "Refactoring", "Refactoring\Refactoring.csproj", "{DAF7ED75-B20A-4352-93F2-F843CE02ECF5}"
EndProject
Project("{FAE04EC0-301F-11D3-BF4B-00C04F79EFBC}") = "Consola", "Consola\Consola.csproj", "{B065C52B-0EAA-4AA0-A573-5C8043A9E8DB}"
EndProject
Global
	GlobalSection(SolutionConfigurationPlatforms) = preSolution
		Debug|Any CPU = Debug|Any CPU
		Release|Any CPU = Release|Any CPU
	EndGlobalSection
	GlobalSection(ProjectConfigurationPlatforms) = postSolution
		{DAF7ED75-B20A-4352-93F2-F843CE02ECF5}.Debug|Any CPU.ActiveCfg = Debug|Any CPU
		{DAF7ED75-B20A-4352-93F2-F843CE02ECF5}.Debug|Any CPU.Build.0 = Debug|Any CPU
		{DAF7ED75-B20A-4352-93F2-F843CE02ECF5}.Release|Any CPU.ActiveCfg = Release|Any CPU
		{DAF7ED75-B20A-4352-93F2-F843CE02ECF5}.Release|Any CPU.Build.0 = Release|Any CPU
		{B065C52B-0EAA-4AA0-A573-5C8043A9E8DB}.Debug|Any CPU.ActiveCfg = Debug|Any CPU
		{B065C52B-0EAA-4AA0-A573-5C8043A9E8DB}.Debug|Any CPU.Build.0 = Debug|Any CPU
		{B065C52B-0EAA-4AA0-A573-5C8043A9E8DB}.Release|Any CPU.ActiveCfg = Release|Any CPU
		{B065C52B-0EAA-4AA0-A573-5C8043A9E8DB}.Release|Any CPU.Build.0 = Release|Any CPU
	EndGlobalSection
EndGlobal
