
Microsoft Visual Studio Solution File, Format Version 12.00
# Visual Studio 15
Project("{FAE04EC0-301F-11D3-BF4B-00C04F79EFBC}") = "PatronMetodoFabrica", "PatronMetodoFabrica\PatronMetodoFabrica.csproj", "{B18C68F8-ED92-40A8-8AE8-CF94D17FA059}"
EndProject
Global
	GlobalSection(SolutionConfigurationPlatforms) = preSolution
		Debug|Any CPU = Debug|Any CPU
		Release|Any CPU = Release|Any CPU
	EndGlobalSection
	GlobalSection(ProjectConfigurationPlatforms) = postSolution
		{B18C68F8-ED92-40A8-8AE8-CF94D17FA059}.Debug|Any CPU.ActiveCfg = Debug|Any CPU
		{B18C68F8-ED92-40A8-8AE8-CF94D17FA059}.Debug|Any CPU.Build.0 = Debug|Any CPU
		{B18C68F8-ED92-40A8-8AE8-CF94D17FA059}.Release|Any CPU.ActiveCfg = Release|Any CPU
		{B18C68F8-ED92-40A8-8AE8-CF94D17FA059}.Release|Any CPU.Build.0 = Release|Any CPU
	EndGlobalSection
EndGlobal
