
Microsoft Visual Studio Solution File, Format Version 12.00
# Visual Studio 15
Project("{FAE04EC0-301F-11D3-BF4B-00C04F79EFBC}") = "Seguridad.API", "Seguridad\Seguridad.API.csproj", "{468A29AB-61BD-4CB7-90C9-D134D80D367E}"
EndProject
Global
	GlobalSection(SolutionConfigurationPlatforms) = preSolution
		Debug|Any CPU = Debug|Any CPU
		Release|Any CPU = Release|Any CPU
	EndGlobalSection
	GlobalSection(ProjectConfigurationPlatforms) = postSolution
		{468A29AB-61BD-4CB7-90C9-D134D80D367E}.Debug|Any CPU.ActiveCfg = Debug|Any CPU
		{468A29AB-61BD-4CB7-90C9-D134D80D367E}.Debug|Any CPU.Build.0 = Debug|Any CPU
		{468A29AB-61BD-4CB7-90C9-D134D80D367E}.Release|Any CPU.ActiveCfg = Release|Any CPU
		{468A29AB-61BD-4CB7-90C9-D134D80D367E}.Release|Any CPU.Build.0 = Release|Any CPU
	EndGlobalSection
EndGlobal
